lockfileVersion: 5.4

importers:

  .:
    specifiers:
      prettier: ^2.6.2
      typescript: ^4.6.4
    devDependencies:
      prettier: 2.6.2
      typescript: 4.7.3

packages:

  /prettier/2.6.2:
    resolution: {integrity: sha512-PkUpF+qoXTqhOeWL9fu7As8LXsIUZ1WYaJiY/a7McAQzxjk82OF0tibkFXVCDImZtWxbvojFjerkiLb0/q8mew==}
    engines: {node: '>=10.13.0'}
    hasBin: true
    dev: true

  /typescript/4.7.3:
    resolution: {integrity: sha512-WOkT3XYvrpXx4vMMqlD+8R8R37fZkjyLGlxavMc4iB8lrl8L0DeTcHbYgw/v0N/z9wAFsgBhcsF0ruoySS22mA==}
    engines: {node: '>=4.2.0'}
    hasBin: true
    dev: true
